// !$*UTF8*$!
{
	archiveVersion = 1;
	classes = {
	};
	objectVersion = 46;
	objects = {

/* Begin PBXBuildFile section */
		CB5B68CF1A7BEFEE00AF77D7 /* main.m in Sources */ = {isa = PBXBuildFile; fileRef = CB5B68CE1A7BEFEE00AF77D7 /* main.m */; };
		CB5B68D21A7BEFEE00AF77D7 /* AppDelegate.m in Sources */ = {isa = PBXBuildFile; fileRef = CB5B68D11A7BEFEE00AF77D7 /* AppDelegate.m */; };
		CB5B68D51A7BEFEE00AF77D7 /* ViewController.m in Sources */ = {isa = PBXBuildFile; fileRef = CB5B68D41A7BEFEE00AF77D7 /* ViewController.m */; };
		CB5B68D81A7BEFEE00AF77D7 /* Main.storyboard in Resources */ = {isa = PBXBuildFile; fileRef = CB5B68D61A7BEFEE00AF77D7 /* Main.storyboard */; };
		CB5B68DA1A7BEFEE00AF77D7 /* Images.xcassets in Resources */ = {isa = PBXBuildFile; fileRef = CB5B68D91A7BEFEE00AF77D7 /* Images.xcassets */; };
		CB5B68DD1A7BEFEE00AF77D7 /* LaunchScreen.xib in Resources */ = {isa = PBXBuildFile; fileRef = CB5B68DB1A7BEFEE00AF77D7 /* LaunchScreen.xib */; };
		CB5B68E91A7BEFEE00AF77D7 /* TableView_DynamicTests.m in Sources */ = {isa = PBXBuildFile; fileRef = CB5B68E81A7BEFEE00AF77D7 /* TableView_DynamicTests.m */; };
		CB5B68FE1A7BF25B00AF77D7 /* TableViewCell.m in Sources */ = {isa = PBXBuildFile; fileRef = CB5B68FD1A7BF25B00AF77D7 /* TableViewCell.m */; };
/* End PBXBuildFile section */

/* Begin PBXContainerItemProxy section */
		CB5B68E31A7BEFEE00AF77D7 /* PBXContainerItemProxy */ = {
			isa = PBXContainerItemProxy;
			containerPortal = CB5B68C11A7BEFEE00AF77D7 /* Project object */;
			proxyType = 1;
			remoteGlobalIDString = CB5B68C81A7BEFEE00AF77D7;
			remoteInfo = "TableView Dynamic";
		};
/* End PBXContainerItemProxy section */

/* Begin PBXFileReference section */
		CB5B68C91A7BEFEE00AF77D7 /* TableView Dynamic.app */ = {isa = PBXFileReference; explicitFileType = wrapper.application; includeInIndex = 0; path = "TableView Dynamic.app"; sourceTree = BUILT_PRODUCTS_DIR; };
		CB5B68CD1A7BEFEE00AF77D7 /* Info.plist */ = {isa = PBXFileReference; lastKnownFileType = text.plist.xml; path = Info.plist; sourceTree = "<group>"; };
		CB5B68CE1A7BEFEE00AF77D7 /* main.m */ = {isa = PBXFileReference; lastKnownFileType = sourcecode.c.objc; path = main.m; sourceTree = "<group>"; };
		CB5B68D01A7BEFEE00AF77D7 /* AppDelegate.h */ = {isa = PBXFileReference; lastKnownFileType = sourcecode.c.h; path = AppDelegate.h; sourceTree = "<group>"; };
		CB5B68D11A7BEFEE00AF77D7 /* AppDelegate.m */ = {isa = PBXFileReference; lastKnownFileType = sourcecode.c.objc; path = AppDelegate.m; sourceTree = "<group>"; };
		CB5B68D31A7BEFEE00AF77D7 /* ViewController.h */ = {isa = PBXFileReference; lastKnownFileType = sourcecode.c.h; path = ViewController.h; sourceTree = "<group>"; };
		CB5B68D41A7BEFEE00AF77D7 /* ViewController.m */ = {isa = PBXFileReference; lastKnownFileType = sourcecode.c.objc; path = ViewController.m; sourceTree = "<group>"; };
		CB5B68D71A7BEFEE00AF77D7 /* Base */ = {isa = PBXFileReference; lastKnownFileType = file.storyboard; name = Base; path = Base.lproj/Main.storyboard; sourceTree = "<group>"; };
		CB5B68D91A7BEFEE00AF77D7 /* Images.xcassets */ = {isa = PBXFileReference; lastKnownFileType = folder.assetcatalog; path = Images.xcassets; sourceTree = "<group>"; };
		CB5B68DC1A7BEFEE00AF77D7 /* Base */ = {isa = PBXFileReference; lastKnownFileType = file.xib; name = Base; path = Base.lproj/LaunchScreen.xib; sourceTree = "<group>"; };
		CB5B68E21A7BEFEE00AF77D7 /* TableView DynamicTests.xctest */ = {isa = PBXFileReference; explicitFileType = wrapper.cfbundle; includeInIndex = 0; path = "TableView DynamicTests.xctest"; sourceTree = BUILT_PRODUCTS_DIR; };
		CB5B68E71A7BEFEE00AF77D7 /* Info.plist */ = {isa = PBXFileReference; lastKnownFileType = text.plist.xml; path = Info.plist; sourceTree = "<group>"; };
		CB5B68E81A7BEFEE00AF77D7 /* TableView_DynamicTests.m */ = {isa = PBXFileReference; lastKnownFileType = sourcecode.c.objc; path = TableView_DynamicTests.m; sourceTree = "<group>"; };
		CB5B68FC1A7BF25B00AF77D7 /* TableViewCell.h */ = {isa = PBXFileReference; fileEncoding = 4; lastKnownFileType = sourcecode.c.h; path = TableViewCell.h; sourceTree = "<group>"; };
		CB5B68FD1A7BF25B00AF77D7 /* TableViewCell.m */ = {isa = PBXFileReference; fileEncoding = 4; lastKnownFileType = sourcecode.c.objc; path = TableViewCell.m; sourceTree = "<group>"; };
/* End PBXFileReference section */

/* Begin PBXFrameworksBuildPhase section */
		CB5B68C61A7BEFEE00AF77D7 /* Frameworks */ = {
			isa = PBXFrameworksBuildPhase;
			buildActionMask = 2147483647;
			files = (
			);
			runOnlyForDeploymentPostprocessing = 0;
		};
		CB5B68DF1A7BEFEE00AF77D7 /* Frameworks */ = {
			isa = PBXFrameworksBuildPhase;
			buildActionMask = 2147483647;
			files = (
			);
			runOnlyForDeploymentPostprocessing = 0;
		};
/* End PBXFrameworksBuildPhase section */

/* Begin PBXGroup section */
		CB5B68C01A7BEFEE00AF77D7 = {
			isa = PBXGroup;
			children = (
				CB5B68CB1A7BEFEE00AF77D7 /* TableView Dynamic */,
				CB5B68E51A7BEFEE00AF77D7 /* TableView DynamicTests */,
				CB5B68CA1A7BEFEE00AF77D7 /* Products */,
			);
			sourceTree = "<group>";
		};
		CB5B68CA1A7BEFEE00AF77D7 /* Products */ = {
			isa = PBXGroup;
			children = (
				CB5B68C91A7BEFEE00AF77D7 /* TableView Dynamic.app */,
				CB5B68E21A7BEFEE00AF77D7 /* TableView DynamicTests.xctest */,
			);
			name = Products;
			sourceTree = "<group>";
		};
		CB5B68CB1A7BEFEE00AF77D7 /* TableView Dynamic */ = {
			isa = PBXGroup;
			children = (
				CB5B68D01A7BEFEE00AF77D7 /* AppDelegate.h */,
				CB5B68D11A7BEFEE00AF77D7 /* AppDelegate.m */,
				CB5B68D31A7BEFEE00AF77D7 /* ViewController.h */,
				CB5B68D41A7BEFEE00AF77D7 /* ViewController.m */,
				CB5B68FC1A7BF25B00AF77D7 /* TableViewCell.h */,
				CB5B68FD1A7BF25B00AF77D7 /* TableViewCell.m */,
				CB5B68D91A7BEFEE00AF77D7 /* Images.xcassets */,
				CB5B68D61A7BEFEE00AF77D7 /* Main.storyboard */,
				CB5B68DB1A7BEFEE00AF77D7 /* LaunchScreen.xib */,
				CB5B68CC1A7BEFEE00AF77D7 /* Supporting Files */,
			);
			path = "TableView Dynamic";
			sourceTree = "<group>";
		};
		CB5B68CC1A7BEFEE00AF77D7 /* Supporting Files */ = {
			isa = PBXGroup;
			children = (
				CB5B68CD1A7BEFEE00AF77D7 /* Info.plist */,
				CB5B68CE1A7BEFEE00AF77D7 /* main.m */,
			);
			name = "Supporting Files";
			sourceTree = "<group>";
		};
		CB5B68E51A7BEFEE00AF77D7 /* TableView DynamicTests */ = {
			isa = PBXGroup;
			children = (
				CB5B68E81A7BEFEE00AF77D7 /* TableView_DynamicTests.m */,
				CB5B68E61A7BEFEE00AF77D7 /* Supporting Files */,
			);
			path = "TableView DynamicTests";
			sourceTree = "<group>";
		};
		CB5B68E61A7BEFEE00AF77D7 /* Supporting Files */ = {
			isa = PBXGroup;
			children = (
				CB5B68E71A7BEFEE00AF77D7 /* Info.plist */,
			);
			name = "Supporting Files";
			sourceTree = "<group>";
		};
/* End PBXGroup section */

/* Begin PBXNativeTarget section */
		CB5B68C81A7BEFEE00AF77D7 /* TableView Dynamic */ = {
			isa = PBXNativeTarget;
			buildConfigurationList = CB5B68EC1A7BEFEE00AF77D7 /* Build configuration list for PBXNativeTarget "TableView Dynamic" */;
			buildPhases = (
				CB5B68C51A7BEFEE00AF77D7 /* Sources */,
				CB5B68C61A7BEFEE00AF77D7 /* Frameworks */,
				CB5B68C71A7BEFEE00AF77D7 /* Resources */,
			);
			buildRules = (
			);
			dependencies = (
			);
			name = "TableView Dynamic";
			productName = "TableView Dynamic";
			productReference = CB5B68C91A7BEFEE00AF77D7 /* TableView Dynamic.app */;
			productType = "com.apple.product-type.application";
		};
		CB5B68E11A7BEFEE00AF77D7 /* TableView DynamicTests */ = {
			isa = PBXNativeTarget;
			buildConfigurationList = CB5B68EF1A7BEFEE00AF77D7 /* Build configuration list for PBXNativeTarget "TableView DynamicTests" */;
			buildPhases = (
				CB5B68DE1A7BEFEE00AF77D7 /* Sources */,
				CB5B68DF1A7BEFEE00AF77D7 /* Frameworks */,
				CB5B68E01A7BEFEE00AF77D7 /* Resources */,
			);
			buildRules = (
			);
			dependencies = (
				CB5B68E41A7BEFEE00AF77D7 /* PBXTargetDependency */,
			);
			name = "TableView DynamicTests";
			productName = "TableView DynamicTests";
			productReference = CB5B68E21A7BEFEE00AF77D7 /* TableView DynamicTests.xctest */;
			productType = "com.apple.product-type.bundle.unit-test";
		};
/* End PBXNativeTarget section */

/* Begin PBXProject section */
		CB5B68C11A7BEFEE00AF77D7 /* Project object */ = {
			isa = PBXProject;
			attributes = {
				LastUpgradeCheck = 0610;
				ORGANIZATIONNAME = "Justin Khan";
				TargetAttributes = {
					CB5B68C81A7BEFEE00AF77D7 = {
						CreatedOnToolsVersion = 6.1;
					};
					CB5B68E11A7BEFEE00AF77D7 = {
						CreatedOnToolsVersion = 6.1;
						TestTargetID = CB5B68C81A7BEFEE00AF77D7;
					};
				};
			};
			buildConfigurationList = CB5B68C41A7BEFEE00AF77D7 /* Build configuration list for PBXProject "TableView Dynamic" */;
			compatibilityVersion = "Xcode 3.2";
			developmentRegion = English;
			hasScannedForEncodings = 0;
			knownRegions = (
				en,
				Base,
			);
			mainGroup = CB5B68C01A7BEFEE00AF77D7;
			productRefGroup = CB5B68CA1A7BEFEE00AF77D7 /* Products */;
			projectDirPath = "";
			projectRoot = "";
			targets = (
				CB5B68C81A7BEFEE00AF77D7 /* TableView Dynamic */,
				CB5B68E11A7BEFEE00AF77D7 /* TableView DynamicTests */,
			);
		};
/* End PBXProject section */

/* Begin PBXResourcesBuildPhase section */
		CB5B68C71A7BEFEE00AF77D7 /* Resources */ = {
			isa = PBXResourcesBuildPhase;
			buildActionMask = 2147483647;
			files = (
				CB5B68D81A7BEFEE00AF77D7 /* Main.storyboard in Resources */,
				CB5B68DD1A7BEFEE00AF77D7 /* LaunchScreen.xib in Resources */,
				CB5B68DA1A7BEFEE00AF77D7 /* Images.xcassets in Resources */,
			);
			runOnlyForDeploymentPostprocessing = 0;
		};
		CB5B68E01A7BEFEE00AF77D7 /* Resources */ = {
			isa = PBXResourcesBuildPhase;
			buildActionMask = 2147483647;
			files = (
			);
			runOnlyForDeploymentPostprocessing = 0;
		};
/* End PBXResourcesBuildPhase section */

/* Begin PBXSourcesBuildPhase section */
		CB5B68C51A7BEFEE00AF77D7 /* Sources */ = {
			isa = PBXSourcesBuildPhase;
			buildActionMask = 2147483647;
			files = (
				CB5B68FE1A7BF25B00AF77D7 /* TableViewCell.m in Sources */,
				CB5B68D51A7BEFEE00AF77D7 /* ViewController.m in Sources */,
				CB5B68D21A7BEFEE00AF77D7 /* AppDelegate.m in Sources */,
				CB5B68CF1A7BEFEE00AF77D7 /* main.m in Sources */,
			);
			runOnlyForDeploymentPostprocessing = 0;
		};
		CB5B68DE1A7BEFEE00AF77D7 /* Sources */ = {
			isa = PBXSourcesBuildPhase;
			buildActionMask = 2147483647;
			files = (
				CB5B68E91A7BEFEE00AF77D7 /* TableView_DynamicTests.m in Sources */,
			);
			runOnlyForDeploymentPostprocessing = 0;
		};
/* End PBXSourcesBuildPhase section */

/* Begin PBXTargetDependency section */
		CB5B68E41A7BEFEE00AF77D7 /* PBXTargetDependency */ = {
			isa = PBXTargetDependency;
			target = CB5B68C81A7BEFEE00AF77D7 /* TableView Dynamic */;
			targetProxy = CB5B68E31A7BEFEE00AF77D7 /* PBXContainerItemProxy */;
		};
/* End PBXTargetDependency section */

/* Begin PBXVariantGroup section */
		CB5B68D61A7BEFEE00AF77D7 /* Main.storyboard */ = {
			isa = PBXVariantGroup;
			children = (
				CB5B68D71A7BEFEE00AF77D7 /* Base */,
			);
			name = Main.storyboard;
			sourceTree = "<group>";
		};
		CB5B68DB1A7BEFEE00AF77D7 /* LaunchScreen.xib */ = {
			isa = PBXVariantGroup;
			children = (
				CB5B68DC1A7BEFEE00AF77D7 /* Base */,
			);
			name = LaunchScreen.xib;
			sourceTree = "<group>";
		};
/* End PBXVariantGroup section */

/* Begin XCBuildConfiguration section */
		CB5B68EA1A7BEFEE00AF77D7 /* Debug */ = {
			isa = XCBuildConfiguration;
			buildSettings = {
				ALWAYS_SEARCH_USER_PATHS = NO;
				CLANG_CXX_LANGUAGE_STANDARD = "gnu++0x";
				CLANG_CXX_LIBRARY = "libc++";
				CLANG_ENABLE_MODULES = YES;
				CLANG_ENABLE_OBJC_ARC = YES;
				CLANG_WARN_BOOL_CONVERSION = YES;
				CLANG_WARN_CONSTANT_CONVERSION = YES;
				CLANG_WARN_DIRECT_OBJC_ISA_USAGE = YES_ERROR;
				CLANG_WARN_EMPTY_BODY = YES;
				CLANG_WARN_ENUM_CONVERSION = YES;
				CLANG_WARN_INT_CONVERSION = YES;
				CLANG_WARN_OBJC_ROOT_CLASS = YES_ERROR;
				CLANG_WARN_UNREACHABLE_CODE = YES;
				CLANG_WARN__DUPLICATE_METHOD_MATCH = YES;
				"CODE_SIGN_IDENTITY[sdk=iphoneos*]" = "iPhone Developer";
				COPY_PHASE_STRIP = NO;
				ENABLE_STRICT_OBJC_MSGSEND = YES;
				GCC_C_LANGUAGE_STANDARD = gnu99;
				GCC_DYNAMIC_NO_PIC = NO;
				GCC_OPTIMIZATION_LEVEL = 0;
				GCC_PREPROCESSOR_DEFINITIONS = (
					"DEBUG=1",
					"$(inherited)",
				);
				GCC_SYMBOLS_PRIVATE_EXTERN = NO;
				GCC_WARN_64_TO_32_BIT_CONVERSION = YES;
				GCC_WARN_ABOUT_RETURN_TYPE = YES_ERROR;
				GCC_WARN_UNDECLARED_SELECTOR = YES;
				GCC_WARN_UNINITIALIZED_AUTOS = YES_AGGRESSIVE;
				GCC_WARN_UNUSED_FUNCTION = YES;
				GCC_WARN_UNUSED_VARIABLE = YES;
				IPHONEOS_DEPLOYMENT_TARGET = 8.1;
				MTL_ENABLE_DEBUG_INFO = YES;
				ONLY_ACTIVE_ARCH = YES;
				SDKROOT = iphoneos;
				TARGETED_DEVICE_FAMILY = "1,2";
			};
			name = Debug;
		};
		CB5B68EB1A7BEFEE00AF77D7 /* Release */ = {
			isa = XCBuildConfiguration;
			buildSettings = {
				ALWAYS_SEARCH_USER_PATHS = NO;
				CLANG_CXX_LANGUAGE_STANDARD = "gnu++0x";
				CLANG_CXX_LIBRARY = "libc++";
				CLANG_ENABLE_MODULES = YES;
				CLANG_ENABLE_OBJC_ARC = YES;
				CLANG_WARN_BOOL_CONVERSION = YES;
				CLANG_WARN_CONSTANT_CONVERSION = YES;
				CLANG_WARN_DIRECT_OBJC_ISA_USAGE = YES_ERROR;
				CLANG_WARN_EMPTY_BODY = YES;
				CLANG_WARN_ENUM_CONVERSION = YES;
				CLANG_WARN_INT_CONVERSION = YES;
				CLANG_WARN_OBJC_ROOT_CLASS = YES_ERROR;
				CLANG_WARN_UNREACHABLE_CODE = YES;
				CLANG_WARN__DUPLICATE_METHOD_MATCH = YES;
				"CODE_SIGN_IDENTITY[sdk=iphoneos*]" = "iPhone Developer";
				COPY_PHASE_STRIP = YES;
				ENABLE_NS_ASSERTIONS = NO;
				ENABLE_STRICT_OBJC_MSGSEND = YES;
				GCC_C_LANGUAGE_STANDARD = gnu99;
				GCC_WARN_64_TO_32_BIT_CONVERSION = YES;
				GCC_WARN_ABOUT_RETURN_TYPE = YES_ERROR;
				GCC_WARN_UNDECLARED_SELECTOR = YES;
				GCC_WARN_UNINITIALIZED_AUTOS = YES_AGGRESSIVE;
				GCC_WARN_UNUSED_FUNCTION = YES;
				GCC_WARN_UNUSED_VARIABLE = YES;
				IPHONEOS_DEPLOYMENT_TARGET = 8.1;
				MTL_ENABLE_DEBUG_INFO = NO;
				SDKROOT = iphoneos;
				TARGETED_DEVICE_FAMILY = "1,2";
				VALIDATE_PRODUCT = YES;
			};
			name = Release;
		};
		CB5B68ED1A7BEFEE00AF77D7 /* Debug */ = {
			isa = XCBuildConfiguration;
			buildSettings = {
				ASSETCATALOG_COMPILER_APPICON_NAME = AppIcon;
				INFOPLIST_FILE = "TableView Dynamic/Info.plist";
				LD_RUNPATH_SEARCH_PATHS = "$(inherited) @executable_path/Frameworks";
				PRODUCT_NAME = "$(TARGET_NAME)";
			};
			name = Debug;
		};
		CB5B68EE1A7BEFEE00AF77D7 /* Release */ = {
			isa = XCBuildConfiguration;
			buildSettings = {
				ASSETCATALOG_COMPILER_APPICON_NAME = AppIcon;
				INFOPLIST_FILE = "TableView Dynamic/Info.plist";
				LD_RUNPATH_SEARCH_PATHS = "$(inherited) @executable_path/Frameworks";
				PRODUCT_NAME = "$(TARGET_NAME)";
			};
			name = Release;
		};
		CB5B68F01A7BEFEE00AF77D7 /* Debug */ = {
			isa = XCBuildConfiguration;
			buildSettings = {
				BUNDLE_LOADER = "$(TEST_HOST)";
				FRAMEWORK_SEARCH_PATHS = (
					"$(SDKROOT)/Developer/Library/Frameworks",
					"$(inherited)",
				);
				GCC_PREPROCESSOR_DEFINITIONS = (
					"DEBUG=1",
					"$(inherited)",
				);
				INFOPLIST_FILE = "TableView DynamicTests/Info.plist";
				LD_RUNPATH_SEARCH_PATHS = "$(inherited) @executable_path/Frameworks @loader_path/Frameworks";
				PRODUCT_NAME = "$(TARGET_NAME)";
				TEST_HOST = "$(BUILT_PRODUCTS_DIR)/TableView Dynamic.app/TableView Dynamic";
			};
			name = Debug;
		};
		CB5B68F11A7BEFEE00AF77D7 /* Release */ = {
			isa = XCBuildConfiguration;
			buildSettings = {
				BUNDLE_LOADER = "$(TEST_HOST)";
				FRAMEWORK_SEARCH_PATHS = (
					"$(SDKROOT)/Developer/Library/Frameworks",
					"$(inherited)",
				);
				INFOPLIST_FILE = "TableView DynamicTests/Info.plist";
				LD_RUNPATH_SEARCH_PATHS = "$(inherited) @executable_path/Frameworks @loader_path/Frameworks";
				PRODUCT_NAME = "$(TARGET_NAME)";
				TEST_HOST = "$(BUILT_PRODUCTS_DIR)/TableView Dynamic.app/TableView Dynamic";
			};
			name = Release;
		};
/* End XCBuildConfiguration section */

/* Begin XCConfigurationList section */
		CB5B68C41A7BEFEE00AF77D7 /* Build configuration list for PBXProject "TableView Dynamic" */ = {
			isa = XCConfigurationList;
			buildConfigurations = (
				CB5B68EA1A7BEFEE00AF77D7 /* Debug */,
				CB5B68EB1A7BEFEE00AF77D7 /* Release */,
			);
			defaultConfigurationIsVisible = 0;
			defaultConfigurationName = Release;
		};
		CB5B68EC1A7BEFEE00AF77D7 /* Build configuration list for PBXNativeTarget "TableView Dynamic" */ = {
			isa = XCConfigurationList;
			buildConfigurations = (
				CB5B68ED1A7BEFEE00AF77D7 /* Debug */,
				CB5B68EE1A7BEFEE00AF77D7 /* Release */,
			);
			defaultConfigurationIsVisible = 0;
			defaultConfigurationName = Release;
		};
		CB5B68EF1A7BEFEE00AF77D7 /* Build configuration list for PBXNativeTarget "TableView DynamicTests" */ = {
			isa = XCConfigurationList;
			buildConfigurations = (
				CB5B68F01A7BEFEE00AF77D7 /* Debug */,
				CB5B68F11A7BEFEE00AF77D7 /* Release */,
			);
			defaultConfigurationIsVisible = 0;
			defaultConfigurationName = Release;
		};
/* End XCConfigurationList section */
	};
	rootObject = CB5B68C11A7BEFEE00AF77D7 /* Project object */;
}
